
Microsoft Visual Studio Solution File, Format Version 12.00
# Visual Studio Version 17
VisualStudioVersion = 17.14.36408.4 d17.14
MinimumVisualStudioVersion = 10.0.40219.1
Project("{FAE04EC0-301F-11D3-BF4B-00C04F79EFBC}") = "EF Task 1", "EF Task 1\EF Task 1.csproj", "{2168870D-0797-4739-A417-F2881BCB45DC}"
EndProject
Global
	GlobalSection(SolutionConfigurationPlatforms) = preSolution
		Debug|Any CPU = Debug|Any CPU
		Release|Any CPU = Release|Any CPU
	EndGlobalSection
	GlobalSection(ProjectConfigurationPlatforms) = postSolution
		{2168870D-0797-4739-A417-F2881BCB45DC}.Debug|Any CPU.ActiveCfg = Debug|Any CPU
		{2168870D-0797-4739-A417-F2881BCB45DC}.Debug|Any CPU.Build.0 = Debug|Any CPU
		{2168870D-0797-4739-A417-F2881BCB45DC}.Release|Any CPU.ActiveCfg = Release|Any CPU
		{2168870D-0797-4739-A417-F2881BCB45DC}.Release|Any CPU.Build.0 = Release|Any CPU
	EndGlobalSection
	GlobalSection(SolutionProperties) = preSolution
		HideSolutionNode = FALSE
	EndGlobalSection
	GlobalSection(ExtensibilityGlobals) = postSolution
		SolutionGuid = {BB08CE0C-F357-4045-8C42-C5FE6BED30F5}
	EndGlobalSection
EndGlobal
